
Microsoft Visual Studio Solution File, Format Version 12.00
# Visual Studio 14
VisualStudioVersion = 14.0.25123.0
MinimumVisualStudioVersion = 10.0.40219.1
Project("{FAE04EC0-301F-11D3-BF4B-00C04F79EFBC}") = "SuperposeLib", "SuperposeLib\SuperposeLib.csproj", "{80CC5468-7675-4FB4-9D4A-E69D60E95252}"
EndProject
Project("{FAE04EC0-301F-11D3-BF4B-00C04F79EFBC}") = "SuperposeLib.Tests", "SuperposeLib.Tests\SuperposeLib.Tests.csproj", "{12944F0D-BD62-41C9-ACA4-407DC19367BA}"
EndProject
Project("{FAE04EC0-301F-11D3-BF4B-00C04F79EFBC}") = "SuperposeLib.Client", "SuperposeLib.Client\SuperposeLib.Client.csproj", "{3B3CDF16-D6E1-4D11-B270-1762BAF809B7}"
EndProject
Project("{FAE04EC0-301F-11D3-BF4B-00C04F79EFBC}") = "SuperposeLib.Owin", "SuperposeLib.Owin\SuperposeLib.Owin.csproj", "{AE64D619-D969-46BF-ABD3-0CFBE772C46C}"
EndProject
Project("{FAE04EC0-301F-11D3-BF4B-00C04F79EFBC}") = "SuperposeLib.UI", "SuperposeLib.UI\SuperposeLib.UI.csproj", "{5259BB47-2D4D-4A1F-B4B7-92EDA67E7B9D}"
EndProject
Project("{FAE04EC0-301F-11D3-BF4B-00C04F79EFBC}") = "Superpose.Storage.LiteDB", "Superpose.Storage.LiteDB\Superpose.Storage.LiteDB.csproj", "{8F209BDC-3879-4812-B074-801E417C8957}"
EndProject
Project("{FAE04EC0-301F-11D3-BF4B-00C04F79EFBC}") = "Superpose.Storage.InMemory", "Superpose.Storage.InMemory\Superpose.Storage.InMemory.csproj", "{F5125D06-954A-4875-A7C8-D67CA7ABFF65}"
EndProject
Project("{FAE04EC0-301F-11D3-BF4B-00C04F79EFBC}") = "Superpose.StorageInterface", "Superpose.StorageInterface\Superpose.StorageInterface.csproj", "{AC70DC92-0AF9-428A-8B5A-AAC3183172B9}"
EndProject
Project("{FAE04EC0-301F-11D3-BF4B-00C04F79EFBC}") = "Superpose.Owin.Storage.InMemory", "Superpose.Owin.Storage.InMemory\Superpose.Owin.Storage.InMemory.csproj", "{B9E28634-4A55-46B8-9AD7-AB28BEFE059F}"
EndProject
Project("{FAE04EC0-301F-11D3-BF4B-00C04F79EFBC}") = "Superpose.Owin.Storage.LiteDB", "Superpose.Owin.Storage.LiteDB\Superpose.Owin.Storage.LiteDB.csproj", "{2C8E94C8-7F0F-46ED-8F69-4D62CEC5B4DA}"
EndProject
Project("{2150E333-8FDC-42A3-9474-1A3956D46DE8}") = "Owin", "Owin", "{3ED9F4BB-4988-4264-88FA-56A5B9F25105}"
EndProject
Project("{2150E333-8FDC-42A3-9474-1A3956D46DE8}") = "Storages", "Storages", "{DD441025-AC5C-462D-854A-3513F084AE44}"
EndProject
Project("{FAE04EC0-301F-11D3-BF4B-00C04F79EFBC}") = "Superpose.Storage.SqlServer", "Superpose.Storage.SqlServer\Superpose.Storage.SqlServer.csproj", "{31F3B47C-D806-446B-A952-46F1790FFCC0}"
EndProject
Project("{FAE04EC0-301F-11D3-BF4B-00C04F79EFBC}") = "Superpose.Owin.Storage.SqlServer", "Superpose.Owin.Storage.SqlServer\Superpose.Owin.Storage.SqlServer.csproj", "{52A56A5C-A4B3-438B-BBB0-C664E131A1CC}"
EndProject
Project("{FAE04EC0-301F-11D3-BF4B-00C04F79EFBC}") = "Superpose.JobRunnerInterface", "Superpose.JobRunnerInterface\Superpose.JobRunnerInterface.csproj", "{7E7E56CB-713F-4888-AE72-C01FBED7B9EA}"
EndProject
Project("{FAE04EC0-301F-11D3-BF4B-00C04F79EFBC}") = "Superpose.SlimActorLib", "Superpose.SlimActorLib\Superpose.SlimActorLib.csproj", "{CBBA37DB-95B6-47E7-9102-359D0E60460D}"
EndProject
Global
	GlobalSection(SolutionConfigurationPlatforms) = preSolution
		Debug|Any CPU = Debug|Any CPU
		Release|Any CPU = Release|Any CPU
	EndGlobalSection
	GlobalSection(ProjectConfigurationPlatforms) = postSolution
		{80CC5468-7675-4FB4-9D4A-E69D60E95252}.Debug|Any CPU.ActiveCfg = Debug|Any CPU
		{80CC5468-7675-4FB4-9D4A-E69D60E95252}.Debug|Any CPU.Build.0 = Debug|Any CPU
		{80CC5468-7675-4FB4-9D4A-E69D60E95252}.Release|Any CPU.ActiveCfg = Release|Any CPU
		{80CC5468-7675-4FB4-9D4A-E69D60E95252}.Release|Any CPU.Build.0 = Release|Any CPU
		{12944F0D-BD62-41C9-ACA4-407DC19367BA}.Debug|Any CPU.ActiveCfg = Debug|Any CPU
		{12944F0D-BD62-41C9-ACA4-407DC19367BA}.Debug|Any CPU.Build.0 = Debug|Any CPU
		{12944F0D-BD62-41C9-ACA4-407DC19367BA}.Release|Any CPU.ActiveCfg = Release|Any CPU
		{12944F0D-BD62-41C9-ACA4-407DC19367BA}.Release|Any CPU.Build.0 = Release|Any CPU
		{3B3CDF16-D6E1-4D11-B270-1762BAF809B7}.Debug|Any CPU.ActiveCfg = Debug|Any CPU
		{3B3CDF16-D6E1-4D11-B270-1762BAF809B7}.Debug|Any CPU.Build.0 = Debug|Any CPU
		{3B3CDF16-D6E1-4D11-B270-1762BAF809B7}.Release|Any CPU.ActiveCfg = Release|Any CPU
		{3B3CDF16-D6E1-4D11-B270-1762BAF809B7}.Release|Any CPU.Build.0 = Release|Any CPU
		{AE64D619-D969-46BF-ABD3-0CFBE772C46C}.Debug|Any CPU.ActiveCfg = Debug|Any CPU
		{AE64D619-D969-46BF-ABD3-0CFBE772C46C}.Debug|Any CPU.Build.0 = Debug|Any CPU
		{AE64D619-D969-46BF-ABD3-0CFBE772C46C}.Release|Any CPU.ActiveCfg = Release|Any CPU
		{AE64D619-D969-46BF-ABD3-0CFBE772C46C}.Release|Any CPU.Build.0 = Release|Any CPU
		{5259BB47-2D4D-4A1F-B4B7-92EDA67E7B9D}.Debug|Any CPU.ActiveCfg = Debug|Any CPU
		{5259BB47-2D4D-4A1F-B4B7-92EDA67E7B9D}.Debug|Any CPU.Build.0 = Debug|Any CPU
		{5259BB47-2D4D-4A1F-B4B7-92EDA67E7B9D}.Release|Any CPU.ActiveCfg = Release|Any CPU
		{5259BB47-2D4D-4A1F-B4B7-92EDA67E7B9D}.Release|Any CPU.Build.0 = Release|Any CPU
		{8F209BDC-3879-4812-B074-801E417C8957}.Debug|Any CPU.ActiveCfg = Debug|Any CPU
		{8F209BDC-3879-4812-B074-801E417C8957}.Debug|Any CPU.Build.0 = Debug|Any CPU
		{8F209BDC-3879-4812-B074-801E417C8957}.Release|Any CPU.ActiveCfg = Release|Any CPU
		{8F209BDC-3879-4812-B074-801E417C8957}.Release|Any CPU.Build.0 = Release|Any CPU
		{F5125D06-954A-4875-A7C8-D67CA7ABFF65}.Debug|Any CPU.ActiveCfg = Debug|Any CPU
		{F5125D06-954A-4875-A7C8-D67CA7ABFF65}.Debug|Any CPU.Build.0 = Debug|Any CPU
		{F5125D06-954A-4875-A7C8-D67CA7ABFF65}.Release|Any CPU.ActiveCfg = Release|Any CPU
		{F5125D06-954A-4875-A7C8-D67CA7ABFF65}.Release|Any CPU.Build.0 = Release|Any CPU
		{AC70DC92-0AF9-428A-8B5A-AAC3183172B9}.Debug|Any CPU.ActiveCfg = Debug|Any CPU
		{AC70DC92-0AF9-428A-8B5A-AAC3183172B9}.Debug|Any CPU.Build.0 = Debug|Any CPU
		{AC70DC92-0AF9-428A-8B5A-AAC3183172B9}.Release|Any CPU.ActiveCfg = Release|Any CPU
		{AC70DC92-0AF9-428A-8B5A-AAC3183172B9}.Release|Any CPU.Build.0 = Release|Any CPU
		{B9E28634-4A55-46B8-9AD7-AB28BEFE059F}.Debug|Any CPU.ActiveCfg = Debug|Any CPU
		{B9E28634-4A55-46B8-9AD7-AB28BEFE059F}.Debug|Any CPU.Build.0 = Debug|Any CPU
		{B9E28634-4A55-46B8-9AD7-AB28BEFE059F}.Release|Any CPU.ActiveCfg = Release|Any CPU
		{B9E28634-4A55-46B8-9AD7-AB28BEFE059F}.Release|Any CPU.Build.0 = Release|Any CPU
		{2C8E94C8-7F0F-46ED-8F69-4D62CEC5B4DA}.Debug|Any CPU.ActiveCfg = Debug|Any CPU
		{2C8E94C8-7F0F-46ED-8F69-4D62CEC5B4DA}.Debug|Any CPU.Build.0 = Debug|Any CPU
		{2C8E94C8-7F0F-46ED-8F69-4D62CEC5B4DA}.Release|Any CPU.ActiveCfg = Release|Any CPU
		{2C8E94C8-7F0F-46ED-8F69-4D62CEC5B4DA}.Release|Any CPU.Build.0 = Release|Any CPU
		{31F3B47C-D806-446B-A952-46F1790FFCC0}.Debug|Any CPU.ActiveCfg = Debug|Any CPU
		{31F3B47C-D806-446B-A952-46F1790FFCC0}.Debug|Any CPU.Build.0 = Debug|Any CPU
		{31F3B47C-D806-446B-A952-46F1790FFCC0}.Release|Any CPU.ActiveCfg = Release|Any CPU
		{31F3B47C-D806-446B-A952-46F1790FFCC0}.Release|Any CPU.Build.0 = Release|Any CPU
		{52A56A5C-A4B3-438B-BBB0-C664E131A1CC}.Debug|Any CPU.ActiveCfg = Debug|Any CPU
		{52A56A5C-A4B3-438B-BBB0-C664E131A1CC}.Debug|Any CPU.Build.0 = Debug|Any CPU
		{52A56A5C-A4B3-438B-BBB0-C664E131A1CC}.Release|Any CPU.ActiveCfg = Release|Any CPU
		{52A56A5C-A4B3-438B-BBB0-C664E131A1CC}.Release|Any CPU.Build.0 = Release|Any CPU
		{7E7E56CB-713F-4888-AE72-C01FBED7B9EA}.Debug|Any CPU.ActiveCfg = Debug|Any CPU
		{7E7E56CB-713F-4888-AE72-C01FBED7B9EA}.Debug|Any CPU.Build.0 = Debug|Any CPU
		{7E7E56CB-713F-4888-AE72-C01FBED7B9EA}.Release|Any CPU.ActiveCfg = Release|Any CPU
		{7E7E56CB-713F-4888-AE72-C01FBED7B9EA}.Release|Any CPU.Build.0 = Release|Any CPU
		{CBBA37DB-95B6-47E7-9102-359D0E60460D}.Debug|Any CPU.ActiveCfg = Debug|Any CPU
		{CBBA37DB-95B6-47E7-9102-359D0E60460D}.Debug|Any CPU.Build.0 = Debug|Any CPU
		{CBBA37DB-95B6-47E7-9102-359D0E60460D}.Release|Any CPU.ActiveCfg = Release|Any CPU
		{CBBA37DB-95B6-47E7-9102-359D0E60460D}.Release|Any CPU.Build.0 = Release|Any CPU
	EndGlobalSection
	GlobalSection(SolutionProperties) = preSolution
		HideSolutionNode = FALSE
	EndGlobalSection
	GlobalSection(NestedProjects) = preSolution
		{AE64D619-D969-46BF-ABD3-0CFBE772C46C} = {3ED9F4BB-4988-4264-88FA-56A5B9F25105}
		{8F209BDC-3879-4812-B074-801E417C8957} = {DD441025-AC5C-462D-854A-3513F084AE44}
		{F5125D06-954A-4875-A7C8-D67CA7ABFF65} = {DD441025-AC5C-462D-854A-3513F084AE44}
		{B9E28634-4A55-46B8-9AD7-AB28BEFE059F} = {3ED9F4BB-4988-4264-88FA-56A5B9F25105}
		{2C8E94C8-7F0F-46ED-8F69-4D62CEC5B4DA} = {3ED9F4BB-4988-4264-88FA-56A5B9F25105}
		{31F3B47C-D806-446B-A952-46F1790FFCC0} = {DD441025-AC5C-462D-854A-3513F084AE44}
		{52A56A5C-A4B3-438B-BBB0-C664E131A1CC} = {3ED9F4BB-4988-4264-88FA-56A5B9F25105}
	EndGlobalSection
EndGlobal
